<?xml version="1.0" encoding="utf-8"?>
<Project ToolsVersion="4.0" xmlns="http://schemas.microsoft.com/developer/msbuild/2003">
  <ItemGroup>
    <Filter Include="Source Files">
      <UniqueIdentifier>{9a3041cd-39fb-4b4b-a358-804888f0bb5f}</UniqueIdentifier>
    </Filter>
    <Filter Include="Header Files">
      <UniqueIdentifier>{b63ccdff-df3b-4430-ae36-340d576dd2de}</UniqueIdentifier>
    </Filter>
    <Filter Include="Header Files\private">
      <UniqueIdentifier>{e0d03efc-d29e-42a9-886a-60c37cbb3752}</UniqueIdentifier>
    </Filter>
  </ItemGroup>
  <ItemGroup>
    <ClCompile Include="ut_AssertException.cpp">
      <Filter>Source Files</Filter>
    </ClCompile>
    <ClCompile Include="ut_Checks.cpp">
      <Filter>Source Files</Filter>
    </ClCompile>
    <ClCompile Include="ut_ReportAssert.cpp">
      <Filter>Source Files</Filter>
    </ClCompile>
    <ClCompile Include="ut_StringBuilder.cpp">
      <Filter>Source Files</Filter>
    </ClCompile>
    <ClCompile Include="ut_Test.cpp">
      <Filter>Source Files</Filter>
    </ClCompile>
    <ClCompile Include="ut_Test_ps3.cpp">
      <Filter>Source Files</Filter>
    </ClCompile>
    <ClCompile Include="ut_Test_psp.cpp">
      <Filter>Source Files</Filter>
    </ClCompile>
    <ClCompile Include="ut_Test_Wii.cpp">
      <Filter>Source Files</Filter>
    </ClCompile>
    <ClCompile Include="ut_Test_Win32.cpp">
      <Filter>Source Files</Filter>
    </ClCompile>
    <ClCompile Include="ut_Test_X360.cpp">
      <Filter>Source Files</Filter>
    </ClCompile>
    <ClCompile Include="ut_TestList.cpp">
      <Filter>Source Files</Filter>
    </ClCompile>
    <ClCompile Include="ut_TestReporter.cpp">
      <Filter>Source Files</Filter>
    </ClCompile>
    <ClCompile Include="ut_TestReporterStdout.cpp">
      <Filter>Source Files</Filter>
    </ClCompile>
    <ClCompile Include="ut_TestReporterStdout_ps3.cpp">
      <Filter>Source Files</Filter>
    </ClCompile>
    <ClCompile Include="ut_TestReporterStdout_psp.cpp">
      <Filter>Source Files</Filter>
    </ClCompile>
    <ClCompile Include="ut_TestReporterStdout_Wii.cpp">
      <Filter>Source Files</Filter>
    </ClCompile>
    <ClCompile Include="ut_TestReporterStdout_Win32.cpp">
      <Filter>Source Files</Filter>
    </ClCompile>
    <ClCompile Include="ut_TestReporterStdout_X360.cpp">
      <Filter>Source Files</Filter>
    </ClCompile>
    <ClCompile Include="ut_TestReporterTeamCity.cpp">
      <Filter>Source Files</Filter>
    </ClCompile>
    <ClCompile Include="ut_TestReporterTeamCity_ps3.cpp">
      <Filter>Source Files</Filter>
    </ClCompile>
    <ClCompile Include="ut_TestReporterTeamCity_psp.cpp">
      <Filter>Source Files</Filter>
    </ClCompile>
    <ClCompile Include="ut_TestReporterTeamCity_Wii.cpp">
      <Filter>Source Files</Filter>
    </ClCompile>
    <ClCompile Include="ut_TestReporterTeamCity_Win32.cpp">
      <Filter>Source Files</Filter>
    </ClCompile>
    <ClCompile Include="ut_TestReporterTeamCity_X360.cpp">
      <Filter>Source Files</Filter>
    </ClCompile>
    <ClCompile Include="ut_TestResults.cpp">
      <Filter>Source Files</Filter>
    </ClCompile>
    <ClCompile Include="ut_TestRunner.cpp">
      <Filter>Source Files</Filter>
    </ClCompile>
    <ClCompile Include="ut_TimeConstraint.cpp">
      <Filter>Source Files</Filter>
    </ClCompile>
    <ClCompile Include="ut_TimeHelpers_ps3.cpp">
      <Filter>Source Files</Filter>
    </ClCompile>
    <ClCompile Include="ut_TimeHelpers_psp.cpp">
      <Filter>Source Files</Filter>
    </ClCompile>
    <ClCompile Include="ut_TimeHelpers_Wii.cpp">
      <Filter>Source Files</Filter>
    </ClCompile>
    <ClCompile Include="ut_TimeHelpers_Win32.cpp">
      <Filter>Source Files</Filter>
    </ClCompile>
    <ClCompile Include="ut_TimeHelpers_X360.cpp">
      <Filter>Source Files</Filter>
    </ClCompile>
    <ClCompile Include="ut_Utils.cpp">
      <Filter>Source Files</Filter>
    </ClCompile>
    <ClCompile Include="ut_Utils_ps3.cpp">
      <Filter>Source Files</Filter>
    </ClCompile>
    <ClCompile Include="ut_Utils_psp.cpp">
      <Filter>Source Files</Filter>
    </ClCompile>
    <ClCompile Include="ut_Utils_Wii.cpp">
      <Filter>Source Files</Filter>
    </ClCompile>
    <ClCompile Include="ut_Utils_Win32.cpp">
      <Filter>Source Files</Filter>
    </ClCompile>
    <ClCompile Include="ut_Utils_X360.cpp">
      <Filter>Source Files</Filter>
    </ClCompile>
  </ItemGroup>
  <ItemGroup>
    <ClInclude Include="..\include\xunittest\xunittest.h">
      <Filter>Header Files</Filter>
    </ClInclude>
    <ClInclude Include="..\include\xunittest\private\ut_AssertException.h">
      <Filter>Header Files\private</Filter>
    </ClInclude>
    <ClInclude Include="..\include\xunittest\private\ut_CheckMacros.h">
      <Filter>Header Files\private</Filter>
    </ClInclude>
    <ClInclude Include="..\include\xunittest\private\ut_Checks.h">
      <Filter>Header Files\private</Filter>
    </ClInclude>
    <ClInclude Include="..\include\xunittest\private\ut_Config.h">
      <Filter>Header Files\private</Filter>
    </ClInclude>
    <ClInclude Include="..\include\xunittest\private\ut_Exception.h">
      <Filter>Header Files\private</Filter>
    </ClInclude>
    <ClInclude Include="..\include\xunittest\private\ut_Exception_ps3.h">
      <Filter>Header Files\private</Filter>
    </ClInclude>
    <ClInclude Include="..\include\xunittest\private\ut_Exception_psp.h">
      <Filter>Header Files\private</Filter>
    </ClInclude>
    <ClInclude Include="..\include\xunittest\private\ut_Exception_Wii.h">
      <Filter>Header Files\private</Filter>
    </ClInclude>
    <ClInclude Include="..\include\xunittest\private\ut_Exception_Win32.h">
      <Filter>Header Files\private</Filter>
    </ClInclude>
    <ClInclude Include="..\include\xunittest\private\ut_Exception_x360.h">
      <Filter>Header Files\private</Filter>
    </ClInclude>
    <ClInclude Include="..\include\xunittest\private\ut_ReportAssert.h">
      <Filter>Header Files\private</Filter>
    </ClInclude>
    <ClInclude Include="..\include\xunittest\private\ut_StringBuilder.h">
      <Filter>Header Files\private</Filter>
    </ClInclude>
    <ClInclude Include="..\include\xunittest\private\ut_Test.h">
      <Filter>Header Files\private</Filter>
    </ClInclude>
    <ClInclude Include="..\include\xunittest\private\ut_TestList.h">
      <Filter>Header Files\private</Filter>
    </ClInclude>
    <ClInclude Include="..\include\xunittest\private\ut_TestMacros.h">
      <Filter>Header Files\private</Filter>
    </ClInclude>
    <ClInclude Include="..\include\xunittest\private\ut_TestReporter.h">
      <Filter>Header Files\private</Filter>
    </ClInclude>
    <ClInclude Include="..\include\xunittest\private\ut_TestReporterStdout.h">
      <Filter>Header Files\private</Filter>
    </ClInclude>
    <ClInclude Include="..\include\xunittest\private\ut_TestReporterTeamCity.h">
      <Filter>Header Files\private</Filter>
    </ClInclude>
    <ClInclude Include="..\include\xunittest\private\ut_TestResults.h">
      <Filter>Header Files\private</Filter>
    </ClInclude>
    <ClInclude Include="..\include\xunittest\private\ut_TestRunner.h">
      <Filter>Header Files\private</Filter>
    </ClInclude>
    <ClInclude Include="..\include\xunittest\private\ut_TimeConstraint.h">
      <Filter>Header Files\private</Filter>
    </ClInclude>
    <ClInclude Include="..\include\xunittest\private\ut_TimeHelpers.h">
      <Filter>Header Files\private</Filter>
    </ClInclude>
    <ClInclude Include="..\include\xunittest\private\ut_Utils.h">
      <Filter>Header Files\private</Filter>
    </ClInclude>
  </ItemGroup>
</Project>